
Microsoft Visual Studio Solution File, Format Version 12.00
# Visual Studio Version 17
VisualStudioVersion = 17.7.34221.43
MinimumVisualStudioVersion = 10.0.40219.1
Project("{FAE04EC0-301F-11D3-BF4B-00C04F79EFBC}") = "AddGit", "AddGit\AddGit.csproj", "{618780B3-64D2-411A-A708-BDA473F7F5E3}"
EndProject
Global
	GlobalSection(SolutionConfigurationPlatforms) = preSolution
		Debug|Any CPU = Debug|Any CPU
		Release|Any CPU = Release|Any CPU
	EndGlobalSection
	GlobalSection(ProjectConfigurationPlatforms) = postSolution
		{618780B3-64D2-411A-A708-BDA473F7F5E3}.Debug|Any CPU.ActiveCfg = Debug|Any CPU
		{618780B3-64D2-411A-A708-BDA473F7F5E3}.Debug|Any CPU.Build.0 = Debug|Any CPU
		{618780B3-64D2-411A-A708-BDA473F7F5E3}.Release|Any CPU.ActiveCfg = Release|Any CPU
		{618780B3-64D2-411A-A708-BDA473F7F5E3}.Release|Any CPU.Build.0 = Release|Any CPU
	EndGlobalSection
	GlobalSection(SolutionProperties) = preSolution
		HideSolutionNode = FALSE
	EndGlobalSection
	GlobalSection(ExtensibilityGlobals) = postSolution
		SolutionGuid = {98CED610-B3D0-4F72-B0DA-92ACD330C0D6}
	EndGlobalSection
EndGlobal
